
Microsoft Visual Studio Solution File, Format Version 12.00
# Visual Studio Version 16
VisualStudioVersion = 16.0.30114.105
MinimumVisualStudioVersion = 10.0.40219.1
Project("{9A19103F-16F7-4668-BE54-9A1E7A4F7556}") = "musical-adventureAPI", "musical-adventureAPI.csproj", "{C9F469F5-B8EE-478C-9CB4-0D8C8FD8F380}"
EndProject
Global
	GlobalSection(SolutionConfigurationPlatforms) = preSolution
		Debug|Any CPU = Debug|Any CPU
		Debug|x64 = Debug|x64
		Debug|x86 = Debug|x86
		Release|Any CPU = Release|Any CPU
		Release|x64 = Release|x64
		Release|x86 = Release|x86
	EndGlobalSection
	GlobalSection(ProjectConfigurationPlatforms) = postSolution
		{C9F469F5-B8EE-478C-9CB4-0D8C8FD8F380}.Debug|Any CPU.ActiveCfg = Debug|Any CPU
		{C9F469F5-B8EE-478C-9CB4-0D8C8FD8F380}.Debug|Any CPU.Build.0 = Debug|Any CPU
		{C9F469F5-B8EE-478C-9CB4-0D8C8FD8F380}.Debug|x64.ActiveCfg = Debug|Any CPU
		{C9F469F5-B8EE-478C-9CB4-0D8C8FD8F380}.Debug|x64.Build.0 = Debug|Any CPU
		{C9F469F5-B8EE-478C-9CB4-0D8C8FD8F380}.Debug|x86.ActiveCfg = Debug|Any CPU
		{C9F469F5-B8EE-478C-9CB4-0D8C8FD8F380}.Debug|x86.Build.0 = Debug|Any CPU
		{C9F469F5-B8EE-478C-9CB4-0D8C8FD8F380}.Release|Any CPU.ActiveCfg = Release|Any CPU
		{C9F469F5-B8EE-478C-9CB4-0D8C8FD8F380}.Release|Any CPU.Build.0 = Release|Any CPU
		{C9F469F5-B8EE-478C-9CB4-0D8C8FD8F380}.Release|x64.ActiveCfg = Release|Any CPU
		{C9F469F5-B8EE-478C-9CB4-0D8C8FD8F380}.Release|x64.Build.0 = Release|Any CPU
		{C9F469F5-B8EE-478C-9CB4-0D8C8FD8F380}.Release|x86.ActiveCfg = Release|Any CPU
		{C9F469F5-B8EE-478C-9CB4-0D8C8FD8F380}.Release|x86.Build.0 = Release|Any CPU
	EndGlobalSection
	GlobalSection(SolutionProperties) = preSolution
		HideSolutionNode = FALSE
	EndGlobalSection
	GlobalSection(ExtensibilityGlobals) = postSolution
		SolutionGuid = {56A22D24-56CE-4F85-9343-2E43569DEB28}
	EndGlobalSection
EndGlobal
