
Microsoft Visual Studio Solution File, Format Version 12.00
# Visual Studio Version 16
VisualStudioVersion = 16.0.30114.105
MinimumVisualStudioVersion = 10.0.40219.1
Project("{9A19103F-16F7-4668-BE54-9A1E7A4F7556}") = "MusicAdventureAPI", "MusicAdventureAPI\MusicAdventureAPI.csproj", "{BE3D4C89-77E6-4501-8E22-8EB5EB9819E6}"
EndProject
Project("{9A19103F-16F7-4668-BE54-9A1E7A4F7556}") = "MAData", "MAData\MAData.csproj", "{ED522C98-CF72-4EEC-A072-56E1A97488F1}"
EndProject
Project("{9A19103F-16F7-4668-BE54-9A1E7A4F7556}") = "MADomain", "MADomain\MADomain.csproj", "{11DE8AF1-63D8-4678-92A9-D92AB799A965}"
EndProject
Project("{9A19103F-16F7-4668-BE54-9A1E7A4F7556}") = "MAService", "MAService\MAService.csproj", "{E5ACCE30-BE89-4CE2-856B-603555E159FB}"
EndProject
Project("{9A19103F-16F7-4668-BE54-9A1E7A4F7556}") = "MAUtilities", "MAUtilities\MAUtilities.csproj", "{1C3F5124-4028-4C8B-A0E0-201E00187BB3}"
EndProject
Project("{FAE04EC0-301F-11D3-BF4B-00C04F79EFBC}") = "MATest", "MATest\MATest.csproj", "{75DA311E-7A59-43C7-97B7-81D5706DD35C}"
EndProject
Global
	GlobalSection(SolutionConfigurationPlatforms) = preSolution
		Debug|Any CPU = Debug|Any CPU
		Debug|x64 = Debug|x64
		Debug|x86 = Debug|x86
		Release|Any CPU = Release|Any CPU
		Release|x64 = Release|x64
		Release|x86 = Release|x86
	EndGlobalSection
	GlobalSection(ProjectConfigurationPlatforms) = postSolution
		{BE3D4C89-77E6-4501-8E22-8EB5EB9819E6}.Debug|Any CPU.ActiveCfg = Debug|Any CPU
		{BE3D4C89-77E6-4501-8E22-8EB5EB9819E6}.Debug|Any CPU.Build.0 = Debug|Any CPU
		{BE3D4C89-77E6-4501-8E22-8EB5EB9819E6}.Debug|x64.ActiveCfg = Debug|Any CPU
		{BE3D4C89-77E6-4501-8E22-8EB5EB9819E6}.Debug|x64.Build.0 = Debug|Any CPU
		{BE3D4C89-77E6-4501-8E22-8EB5EB9819E6}.Debug|x86.ActiveCfg = Debug|Any CPU
		{BE3D4C89-77E6-4501-8E22-8EB5EB9819E6}.Debug|x86.Build.0 = Debug|Any CPU
		{BE3D4C89-77E6-4501-8E22-8EB5EB9819E6}.Release|Any CPU.ActiveCfg = Release|Any CPU
		{BE3D4C89-77E6-4501-8E22-8EB5EB9819E6}.Release|Any CPU.Build.0 = Release|Any CPU
		{BE3D4C89-77E6-4501-8E22-8EB5EB9819E6}.Release|x64.ActiveCfg = Release|Any CPU
		{BE3D4C89-77E6-4501-8E22-8EB5EB9819E6}.Release|x64.Build.0 = Release|Any CPU
		{BE3D4C89-77E6-4501-8E22-8EB5EB9819E6}.Release|x86.ActiveCfg = Release|Any CPU
		{BE3D4C89-77E6-4501-8E22-8EB5EB9819E6}.Release|x86.Build.0 = Release|Any CPU
		{ED522C98-CF72-4EEC-A072-56E1A97488F1}.Debug|Any CPU.ActiveCfg = Debug|Any CPU
		{ED522C98-CF72-4EEC-A072-56E1A97488F1}.Debug|Any CPU.Build.0 = Debug|Any CPU
		{ED522C98-CF72-4EEC-A072-56E1A97488F1}.Debug|x64.ActiveCfg = Debug|Any CPU
		{ED522C98-CF72-4EEC-A072-56E1A97488F1}.Debug|x64.Build.0 = Debug|Any CPU
		{ED522C98-CF72-4EEC-A072-56E1A97488F1}.Debug|x86.ActiveCfg = Debug|Any CPU
		{ED522C98-CF72-4EEC-A072-56E1A97488F1}.Debug|x86.Build.0 = Debug|Any CPU
		{ED522C98-CF72-4EEC-A072-56E1A97488F1}.Release|Any CPU.ActiveCfg = Release|Any CPU
		{ED522C98-CF72-4EEC-A072-56E1A97488F1}.Release|Any CPU.Build.0 = Release|Any CPU
		{ED522C98-CF72-4EEC-A072-56E1A97488F1}.Release|x64.ActiveCfg = Release|Any CPU
		{ED522C98-CF72-4EEC-A072-56E1A97488F1}.Release|x64.Build.0 = Release|Any CPU
		{ED522C98-CF72-4EEC-A072-56E1A97488F1}.Release|x86.ActiveCfg = Release|Any CPU
		{ED522C98-CF72-4EEC-A072-56E1A97488F1}.Release|x86.Build.0 = Release|Any CPU
		{11DE8AF1-63D8-4678-92A9-D92AB799A965}.Debug|Any CPU.ActiveCfg = Debug|Any CPU
		{11DE8AF1-63D8-4678-92A9-D92AB799A965}.Debug|Any CPU.Build.0 = Debug|Any CPU
		{11DE8AF1-63D8-4678-92A9-D92AB799A965}.Debug|x64.ActiveCfg = Debug|Any CPU
		{11DE8AF1-63D8-4678-92A9-D92AB799A965}.Debug|x64.Build.0 = Debug|Any CPU
		{11DE8AF1-63D8-4678-92A9-D92AB799A965}.Debug|x86.ActiveCfg = Debug|Any CPU
		{11DE8AF1-63D8-4678-92A9-D92AB799A965}.Debug|x86.Build.0 = Debug|Any CPU
		{11DE8AF1-63D8-4678-92A9-D92AB799A965}.Release|Any CPU.ActiveCfg = Release|Any CPU
		{11DE8AF1-63D8-4678-92A9-D92AB799A965}.Release|Any CPU.Build.0 = Release|Any CPU
		{11DE8AF1-63D8-4678-92A9-D92AB799A965}.Release|x64.ActiveCfg = Release|Any CPU
		{11DE8AF1-63D8-4678-92A9-D92AB799A965}.Release|x64.Build.0 = Release|Any CPU
		{11DE8AF1-63D8-4678-92A9-D92AB799A965}.Release|x86.ActiveCfg = Release|Any CPU
		{11DE8AF1-63D8-4678-92A9-D92AB799A965}.Release|x86.Build.0 = Release|Any CPU
		{E5ACCE30-BE89-4CE2-856B-603555E159FB}.Debug|Any CPU.ActiveCfg = Debug|Any CPU
		{E5ACCE30-BE89-4CE2-856B-603555E159FB}.Debug|Any CPU.Build.0 = Debug|Any CPU
		{E5ACCE30-BE89-4CE2-856B-603555E159FB}.Debug|x64.ActiveCfg = Debug|Any CPU
		{E5ACCE30-BE89-4CE2-856B-603555E159FB}.Debug|x64.Build.0 = Debug|Any CPU
		{E5ACCE30-BE89-4CE2-856B-603555E159FB}.Debug|x86.ActiveCfg = Debug|Any CPU
		{E5ACCE30-BE89-4CE2-856B-603555E159FB}.Debug|x86.Build.0 = Debug|Any CPU
		{E5ACCE30-BE89-4CE2-856B-603555E159FB}.Release|Any CPU.ActiveCfg = Release|Any CPU
		{E5ACCE30-BE89-4CE2-856B-603555E159FB}.Release|Any CPU.Build.0 = Release|Any CPU
		{E5ACCE30-BE89-4CE2-856B-603555E159FB}.Release|x64.ActiveCfg = Release|Any CPU
		{E5ACCE30-BE89-4CE2-856B-603555E159FB}.Release|x64.Build.0 = Release|Any CPU
		{E5ACCE30-BE89-4CE2-856B-603555E159FB}.Release|x86.ActiveCfg = Release|Any CPU
		{E5ACCE30-BE89-4CE2-856B-603555E159FB}.Release|x86.Build.0 = Release|Any CPU
		{1C3F5124-4028-4C8B-A0E0-201E00187BB3}.Debug|Any CPU.ActiveCfg = Debug|Any CPU
		{1C3F5124-4028-4C8B-A0E0-201E00187BB3}.Debug|Any CPU.Build.0 = Debug|Any CPU
		{1C3F5124-4028-4C8B-A0E0-201E00187BB3}.Debug|x64.ActiveCfg = Debug|Any CPU
		{1C3F5124-4028-4C8B-A0E0-201E00187BB3}.Debug|x64.Build.0 = Debug|Any CPU
		{1C3F5124-4028-4C8B-A0E0-201E00187BB3}.Debug|x86.ActiveCfg = Debug|Any CPU
		{1C3F5124-4028-4C8B-A0E0-201E00187BB3}.Debug|x86.Build.0 = Debug|Any CPU
		{1C3F5124-4028-4C8B-A0E0-201E00187BB3}.Release|Any CPU.ActiveCfg = Release|Any CPU
		{1C3F5124-4028-4C8B-A0E0-201E00187BB3}.Release|Any CPU.Build.0 = Release|Any CPU
		{1C3F5124-4028-4C8B-A0E0-201E00187BB3}.Release|x64.ActiveCfg = Release|Any CPU
		{1C3F5124-4028-4C8B-A0E0-201E00187BB3}.Release|x64.Build.0 = Release|Any CPU
		{1C3F5124-4028-4C8B-A0E0-201E00187BB3}.Release|x86.ActiveCfg = Release|Any CPU
		{1C3F5124-4028-4C8B-A0E0-201E00187BB3}.Release|x86.Build.0 = Release|Any CPU
		{75DA311E-7A59-43C7-97B7-81D5706DD35C}.Debug|Any CPU.ActiveCfg = Debug|Any CPU
		{75DA311E-7A59-43C7-97B7-81D5706DD35C}.Debug|Any CPU.Build.0 = Debug|Any CPU
		{75DA311E-7A59-43C7-97B7-81D5706DD35C}.Debug|x64.ActiveCfg = Debug|Any CPU
		{75DA311E-7A59-43C7-97B7-81D5706DD35C}.Debug|x64.Build.0 = Debug|Any CPU
		{75DA311E-7A59-43C7-97B7-81D5706DD35C}.Debug|x86.ActiveCfg = Debug|Any CPU
		{75DA311E-7A59-43C7-97B7-81D5706DD35C}.Debug|x86.Build.0 = Debug|Any CPU
		{75DA311E-7A59-43C7-97B7-81D5706DD35C}.Release|Any CPU.ActiveCfg = Release|Any CPU
		{75DA311E-7A59-43C7-97B7-81D5706DD35C}.Release|Any CPU.Build.0 = Release|Any CPU
		{75DA311E-7A59-43C7-97B7-81D5706DD35C}.Release|x64.ActiveCfg = Release|Any CPU
		{75DA311E-7A59-43C7-97B7-81D5706DD35C}.Release|x64.Build.0 = Release|Any CPU
		{75DA311E-7A59-43C7-97B7-81D5706DD35C}.Release|x86.ActiveCfg = Release|Any CPU
		{75DA311E-7A59-43C7-97B7-81D5706DD35C}.Release|x86.Build.0 = Release|Any CPU
	EndGlobalSection
	GlobalSection(SolutionProperties) = preSolution
		HideSolutionNode = FALSE
	EndGlobalSection
	GlobalSection(ExtensibilityGlobals) = postSolution
		SolutionGuid = {4AD97B37-5A80-4D93-B73A-C0B5A826E880}
	EndGlobalSection
EndGlobal
